{
    "name": "atom-ide-golang",
    "version": "0.1.6",
    "lockfileVersion": 1,
    "requires": true,
    "dependencies": {
        "@types/atom": {
            "version": "1.40.6",
            "resolved": "https://registry.npmjs.org/@types/atom/-/atom-1.40.6.tgz",
            "integrity": "sha512-F1X9VmNELlAuP3iJCk4kSyp1sHRVHj4mfvwj37fkLuu0b4WxMjlZ8h6r65L4qECZCx2ZmhPkkbu2WZzpU+Pabg==",
            "requires": {
                "@types/node": "*"
            }
        },
        "@types/node": {
            "version": "13.13.39",
            "resolved": "https://registry.npmjs.org/@types/node/-/node-13.13.39.tgz",
            "integrity": "sha512-wct+WgRTTkBm2R3vbrFOqyZM5w0g+D8KnhstG9463CJBVC3UVZHMToge7iMBR1vDl/I+NWFHUeK9X+JcF0rWKw=="
        },
        "atom-languageclient": {
            "version": "0.9.9",
            "resolved": "https://registry.npmjs.org/atom-languageclient/-/atom-languageclient-0.9.9.tgz",
            "integrity": "sha512-eAKLFhprcDksPtDtG2lrhQEosNMxEbS7MISpw7n6TIoPmTgolvo+GPAF+nSV+Z9MCss91i+M+TNk9Mj5C7y/CQ==",
            "requires": {
                "fuzzaldrin-plus": "^0.6.0",
                "vscode-jsonrpc": "4.0.0",
                "vscode-languageserver-protocol": "3.12.0",
                "vscode-languageserver-types": "3.12.0"
            }
        },
        "atom-ts-transpiler": {
            "version": "1.5.3",
            "resolved": "https://registry.npmjs.org/atom-ts-transpiler/-/atom-ts-transpiler-1.5.3.tgz",
            "integrity": "sha512-9fOM2w/cCh5IdhrmoBR4aEXKpPJ39cjoEADcLbx3z0b6/m3Ij2ZyyupljPJFmnYEdjtXVk/G/V7H6SLfK3ALxQ=="
        },
        "fuzzaldrin-plus": {
            "version": "0.6.0",
            "resolved": "https://registry.npmjs.org/fuzzaldrin-plus/-/fuzzaldrin-plus-0.6.0.tgz",
            "integrity": "sha1-gy9kifvodnaUWVmckUpnDsIpR+4="
        },
        "typescript": {
            "version": "3.9.7",
            "resolved": "https://registry.npmjs.org/typescript/-/typescript-3.9.7.tgz",
            "integrity": "sha512-BLbiRkiBzAwsjut4x/dsibSTB6yWpwT5qWmC2OfuCg3GgVQCSgMs4vEctYPhsaGtd0AeuuHMkjZ2h2WG8MSzRw=="
        },
        "vscode-jsonrpc": {
            "version": "4.0.0",
            "resolved": "https://registry.npmjs.org/vscode-jsonrpc/-/vscode-jsonrpc-4.0.0.tgz",
            "integrity": "sha512-perEnXQdQOJMTDFNv+UF3h1Y0z4iSiaN9jIlb0OqIYgosPCZGYh/MCUlkFtV2668PL69lRDO32hmvL2yiidUYg=="
        },
        "vscode-languageserver-protocol": {
            "version": "3.12.0",
            "resolved": "https://registry.npmjs.org/vscode-languageserver-protocol/-/vscode-languageserver-protocol-3.12.0.tgz",
            "integrity": "sha512-evY6hmyzLnwQrqlQWPrNBq1z8wrSNjLesmgPzeS6Zv11mVS5UJRel26hbM/DH5tHdn45huNzRW0eFHRmIm8LpA==",
            "requires": {
                "vscode-jsonrpc": "^3.6.2",
                "vscode-languageserver-types": "^3.12.0"
            },
            "dependencies": {
                "vscode-jsonrpc": {
                    "version": "3.6.2",
                    "resolved": "https://registry.npmjs.org/vscode-jsonrpc/-/vscode-jsonrpc-3.6.2.tgz",
                    "integrity": "sha512-T24Jb5V48e4VgYliUXMnZ379ItbrXgOimweKaJshD84z+8q7ZOZjJan0MeDe+Ugb+uqERDVV8SBmemaGMSMugA=="
                }
            }
        },
        "vscode-languageserver-types": {
            "version": "3.12.0",
            "resolved": "https://registry.npmjs.org/vscode-languageserver-types/-/vscode-languageserver-types-3.12.0.tgz",
            "integrity": "sha512-UxqnpzBToPO7Mi2tr/s5JeyPOSKSJtLB8lIdxCg9ZNdvP2cU8wS7iTDtwQKz91Ne4CUmTdf85ddR5SIZKXmMjQ=="
        }
    }
}
